
Microsoft Visual Studio Solution File, Format Version 12.00
# Visual Studio Version 17
VisualStudioVersion = 17.10.35027.167
MinimumVisualStudioVersion = 10.0.40219.1
Project("{FAE04EC0-301F-11D3-BF4B-00C04F79EFBC}") = "MapApplication", "MapApplication\MapApplication.csproj", "{A18F7B1B-58DF-4A98-86C3-97D66AB8FAF7}"
EndProject
Global
	GlobalSection(SolutionConfigurationPlatforms) = preSolution
		Debug|Any CPU = Debug|Any CPU
		Release|Any CPU = Release|Any CPU
	EndGlobalSection
	GlobalSection(ProjectConfigurationPlatforms) = postSolution
		{A18F7B1B-58DF-4A98-86C3-97D66AB8FAF7}.Debug|Any CPU.ActiveCfg = Debug|Any CPU
		{A18F7B1B-58DF-4A98-86C3-97D66AB8FAF7}.Debug|Any CPU.Build.0 = Debug|Any CPU
		{A18F7B1B-58DF-4A98-86C3-97D66AB8FAF7}.Release|Any CPU.ActiveCfg = Release|Any CPU
		{A18F7B1B-58DF-4A98-86C3-97D66AB8FAF7}.Release|Any CPU.Build.0 = Release|Any CPU
	EndGlobalSection
	GlobalSection(SolutionProperties) = preSolution
		HideSolutionNode = FALSE
	EndGlobalSection
	GlobalSection(ExtensibilityGlobals) = postSolution
		SolutionGuid = {4C1883BF-DE5A-4BF7-8C14-6F60CD234389}
	EndGlobalSection
EndGlobal
